Microsoft Visual Studio Solution File, Format Version 11.00
# Visual Studio 2008

Project("{221B8D1D-D8DB-17F2-8E7E-95E12537A380}") = "Projeto-Historias-Contadas-master", "Assembly-CSharp.csproj", "{5A12142C-4234-7C5E-E0DD-4F553B0B7E7E}"
EndProject
Global
	GlobalSection(SolutionConfigurationPlatforms) = preSolution
		Debug|Any CPU = Debug|Any CPU
		Release|Any CPU = Release|Any CPU
	EndGlobalSection
	GlobalSection(ProjectConfigurationPlatforms) = postSolution
		{5A12142C-4234-7C5E-E0DD-4F553B0B7E7E}.Debug|Any CPU.ActiveCfg = Debug|Any CPU
		{5A12142C-4234-7C5E-E0DD-4F553B0B7E7E}.Debug|Any CPU.Build.0 = Debug|Any CPU
		{5A12142C-4234-7C5E-E0DD-4F553B0B7E7E}.Release|Any CPU.ActiveCfg = Release|Any CPU
		{5A12142C-4234-7C5E-E0DD-4F553B0B7E7E}.Release|Any CPU.Build.0 = Release|Any CPU
	EndGlobalSection
	GlobalSection(SolutionProperties) = preSolution
		HideSolutionNode = FALSE
	EndGlobalSection
																																										GlobalSection(MonoDevelopProperties) = preSolution
		StartupItem = Assembly-CSharp.csproj
		Policies = $0
		$0.TextStylePolicy = $1
		$1.inheritsSet = null
		$1.scope = text/x-csharp
		$0.CSharpFormattingPolicy = $2
		$2.inheritsSet = Mono
		$2.inheritsScope = text/x-csharp
		$2.scope = text/x-csharp
		$0.TextStylePolicy = $3
		$3.FileWidth = 120
		$3.TabWidth = 4
		$3.IndentWidth = 4
		$3.EolMarker = Unix
		$3.inheritsSet = Mono
		$3.inheritsScope = text/plain
		$3.scope = text/plain
	EndGlobalSection

EndGlobal
